
Microsoft Visual Studio Solution File, Format Version 12.00
# Visual Studio 15
VisualStudioVersion = 15.0.28307.572
MinimumVisualStudioVersion = 10.0.40219.1
Project("{FAE04EC0-301F-11D3-BF4B-00C04F79EFBC}") = "BmpBrowser", "BmpBrowser\BmpBrowser.csproj", "{8076ECD9-1BF9-4193-97D5-174746E9B8A3}"
EndProject
Global
	GlobalSection(SolutionConfigurationPlatforms) = preSolution
		Debug|Any CPU = Debug|Any CPU
		Release|Any CPU = Release|Any CPU
	EndGlobalSection
	GlobalSection(ProjectConfigurationPlatforms) = postSolution
		{8076ECD9-1BF9-4193-97D5-174746E9B8A3}.Debug|Any CPU.ActiveCfg = Debug|Any CPU
		{8076ECD9-1BF9-4193-97D5-174746E9B8A3}.Debug|Any CPU.Build.0 = Debug|Any CPU
		{8076ECD9-1BF9-4193-97D5-174746E9B8A3}.Release|Any CPU.ActiveCfg = Release|Any CPU
		{8076ECD9-1BF9-4193-97D5-174746E9B8A3}.Release|Any CPU.Build.0 = Release|Any CPU
	EndGlobalSection
	GlobalSection(SolutionProperties) = preSolution
		HideSolutionNode = FALSE
	EndGlobalSection
	GlobalSection(ExtensibilityGlobals) = postSolution
		SolutionGuid = {876F4220-FDFC-428E-BA1D-E2A7961D390A}
	EndGlobalSection
EndGlobal
